// !$*UTF8*$!
{
	archiveVersion = 1;
	classes = {
	};
	objectVersion = 50;
	objects = {

/* Begin PBXBuildFile section */
		792BEB3A94ACE9C09B99EAF0 /* libPods-RacTest.a in Frameworks */ = {isa = PBXBuildFile; fileRef = F715802EB723480458F29878 /* libPods-RacTest.a */; };
		C6EAFAB221FC59EB00ECDF7B /* AppDelegate.m in Sources */ = {isa = PBXBuildFile; fileRef = C6EAFAB121FC59EB00ECDF7B /* AppDelegate.m */; };
		C6EAFAB521FC59EB00ECDF7B /* ViewController.m in Sources */ = {isa = PBXBuildFile; fileRef = C6EAFAB421FC59EB00ECDF7B /* ViewController.m */; };
		C6EAFAB821FC59EB00ECDF7B /* Main.storyboard in Resources */ = {isa = PBXBuildFile; fileRef = C6EAFAB621FC59EB00ECDF7B /* Main.storyboard */; };
		C6EAFABA21FC59ED00ECDF7B /* Assets.xcassets in Resources */ = {isa = PBXBuildFile; fileRef = C6EAFAB921FC59ED00ECDF7B /* Assets.xcassets */; };
		C6EAFABD21FC59ED00ECDF7B /* LaunchScreen.storyboard in Resources */ = {isa = PBXBuildFile; fileRef = C6EAFABB21FC59ED00ECDF7B /* LaunchScreen.storyboard */; };
		C6EAFAC021FC59ED00ECDF7B /* main.m in Sources */ = {isa = PBXBuildFile; fileRef = C6EAFABF21FC59ED00ECDF7B /* main.m */; };
/* End PBXBuildFile section */

/* Begin PBXFileReference section */
		3E49F8709787297C3B614FD0 /* Pods-RacTest.release.xcconfig */ = {isa = PBXFileReference; includeInIndex = 1; lastKnownFileType = text.xcconfig; name = "Pods-RacTest.release.xcconfig"; path = "Pods/Target Support Files/Pods-RacTest/Pods-RacTest.release.xcconfig"; sourceTree = "<group>"; };
		C6EAFAAD21FC59EB00ECDF7B /* RacTest.app */ = {isa = PBXFileReference; explicitFileType = wrapper.application; includeInIndex = 0; path = RacTest.app; sourceTree = BUILT_PRODUCTS_DIR; };
		C6EAFAB021FC59EB00ECDF7B /* AppDelegate.h */ = {isa = PBXFileReference; lastKnownFileType = sourcecode.c.h; path = AppDelegate.h; sourceTree = "<group>"; };
		C6EAFAB121FC59EB00ECDF7B /* AppDelegate.m */ = {isa = PBXFileReference; lastKnownFileType = sourcecode.c.objc; path = AppDelegate.m; sourceTree = "<group>"; };
		C6EAFAB321FC59EB00ECDF7B /* ViewController.h */ = {isa = PBXFileReference; lastKnownFileType = sourcecode.c.h; path = ViewController.h; sourceTree = "<group>"; };
		C6EAFAB421FC59EB00ECDF7B /* ViewController.m */ = {isa = PBXFileReference; lastKnownFileType = sourcecode.c.objc; path = ViewController.m; sourceTree = "<group>"; };
		C6EAFAB721FC59EB00ECDF7B /* Base */ = {isa = PBXFileReference; lastKnownFileType = file.storyboard; name = Base; path = Base.lproj/Main.storyboard; sourceTree = "<group>"; };
		C6EAFAB921FC59ED00ECDF7B /* Assets.xcassets */ = {isa = PBXFileReference; lastKnownFileType = folder.assetcatalog; path = Assets.xcassets; sourceTree = "<group>"; };
		C6EAFABC21FC59ED00ECDF7B /* Base */ = {isa = PBXFileReference; lastKnownFileType = file.storyboard; name = Base; path = Base.lproj/LaunchScreen.storyboard; sourceTree = "<group>"; };
		C6EAFABE21FC59ED00ECDF7B /* Info.plist */ = {isa = PBXFileReference; lastKnownFileType = text.plist.xml; path = Info.plist; sourceTree = "<group>"; };
		C6EAFABF21FC59ED00ECDF7B /* main.m */ = {isa = PBXFileReference; lastKnownFileType = sourcecode.c.objc; path = main.m; sourceTree = "<group>"; };
		D6ADBA8F61B815834912DFE9 /* Pods-RacTest.debug.xcconfig */ = {isa = PBXFileReference; includeInIndex = 1; lastKnownFileType = text.xcconfig; name = "Pods-RacTest.debug.xcconfig"; path = "Pods/Target Support Files/Pods-RacTest/Pods-RacTest.debug.xcconfig"; sourceTree = "<group>"; };
		F715802EB723480458F29878 /* libPods-RacTest.a */ = {isa = PBXFileReference; explicitFileType = archive.ar; includeInIndex = 0; path = "libPods-RacTest.a"; sourceTree = BUILT_PRODUCTS_DIR; };
/* End PBXFileReference section */

/* Begin PBXFrameworksBuildPhase section */
		C6EAFAAA21FC59EB00ECDF7B /* Frameworks */ = {
			isa = PBXFrameworksBuildPhase;
			buildActionMask = 2147483647;
			files = (
				792BEB3A94ACE9C09B99EAF0 /* libPods-RacTest.a in Frameworks */,
			);
			runOnlyForDeploymentPostprocessing = 0;
		};
/* End PBXFrameworksBuildPhase section */

/* Begin PBXGroup section */
		0630E6F46E4C142C0D348068 /* Pods */ = {
			isa = PBXGroup;
			children = (
				D6ADBA8F61B815834912DFE9 /* Pods-RacTest.debug.xcconfig */,
				3E49F8709787297C3B614FD0 /* Pods-RacTest.release.xcconfig */,
			);
			name = Pods;
			sourceTree = "<group>";
		};
		461BC63FA6AE4DF4E857DBBD /* Frameworks */ = {
			isa = PBXGroup;
			children = (
				F715802EB723480458F29878 /* libPods-RacTest.a */,
			);
			name = Frameworks;
			sourceTree = "<group>";
		};
		C6EAFAA421FC59EB00ECDF7B = {
			isa = PBXGroup;
			children = (
				C6EAFAAF21FC59EB00ECDF7B /* RacTest */,
				C6EAFAAE21FC59EB00ECDF7B /* Products */,
				0630E6F46E4C142C0D348068 /* Pods */,
				461BC63FA6AE4DF4E857DBBD /* Frameworks */,
			);
			sourceTree = "<group>";
		};
		C6EAFAAE21FC59EB00ECDF7B /* Products */ = {
			isa = PBXGroup;
			children = (
				C6EAFAAD21FC59EB00ECDF7B /* RacTest.app */,
			);
			name = Products;
			sourceTree = "<group>";
		};
		C6EAFAAF21FC59EB00ECDF7B /* RacTest */ = {
			isa = PBXGroup;
			children = (
				C6EAFAB021FC59EB00ECDF7B /* AppDelegate.h */,
				C6EAFAB121FC59EB00ECDF7B /* AppDelegate.m */,
				C6EAFAB321FC59EB00ECDF7B /* ViewController.h */,
				C6EAFAB421FC59EB00ECDF7B /* ViewController.m */,
				C6EAFAB621FC59EB00ECDF7B /* Main.storyboard */,
				C6EAFAB921FC59ED00ECDF7B /* Assets.xcassets */,
				C6EAFABB21FC59ED00ECDF7B /* LaunchScreen.storyboard */,
				C6EAFABE21FC59ED00ECDF7B /* Info.plist */,
				C6EAFABF21FC59ED00ECDF7B /* main.m */,
			);
			path = RacTest;
			sourceTree = "<group>";
		};
/* End PBXGroup section */

/* Begin PBXNativeTarget section */
		C6EAFAAC21FC59EB00ECDF7B /* RacTest */ = {
			isa = PBXNativeTarget;
			buildConfigurationList = C6EAFAC321FC59ED00ECDF7B /* Build configuration list for PBXNativeTarget "RacTest" */;
			buildPhases = (
				42AFF4EFE5A976084C776CB0 /* [CP] Check Pods Manifest.lock */,
				C6EAFAA921FC59EB00ECDF7B /* Sources */,
				C6EAFAAA21FC59EB00ECDF7B /* Frameworks */,
				C6EAFAAB21FC59EB00ECDF7B /* Resources */,
			);
			buildRules = (
			);
			dependencies = (
			);
			name = RacTest;
			productName = RacTest;
			productReference = C6EAFAAD21FC59EB00ECDF7B /* RacTest.app */;
			productType = "com.apple.product-type.application";
		};
/* End PBXNativeTarget section */

/* Begin PBXProject section */
		C6EAFAA521FC59EB00ECDF7B /* Project object */ = {
			isa = PBXProject;
			attributes = {
				LastUpgradeCheck = 1010;
				ORGANIZATIONNAME = demo;
				TargetAttributes = {
					C6EAFAAC21FC59EB00ECDF7B = {
						CreatedOnToolsVersion = 10.1;
					};
				};
			};
			buildConfigurationList = C6EAFAA821FC59EB00ECDF7B /* Build configuration list for PBXProject "RacTest" */;
			compatibilityVersion = "Xcode 9.3";
			developmentRegion = en;
			hasScannedForEncodings = 0;
			knownRegions = (
				en,
				Base,
			);
			mainGroup = C6EAFAA421FC59EB00ECDF7B;
			productRefGroup = C6EAFAAE21FC59EB00ECDF7B /* Products */;
			projectDirPath = "";
			projectRoot = "";
			targets = (
				C6EAFAAC21FC59EB00ECDF7B /* RacTest */,
			);
		};
/* End PBXProject section */

/* Begin PBXResourcesBuildPhase section */
		C6EAFAAB21FC59EB00ECDF7B /* Resources */ = {
			isa = PBXResourcesBuildPhase;
			buildActionMask = 2147483647;
			files = (
				C6EAFABD21FC59ED00ECDF7B /* LaunchScreen.storyboard in Resources */,
				C6EAFABA21FC59ED00ECDF7B /* Assets.xcassets in Resources */,
				C6EAFAB821FC59EB00ECDF7B /* Main.storyboard in Resources */,
			);
			runOnlyForDeploymentPostprocessing = 0;
		};
/* End PBXResourcesBuildPhase section */

/* Begin PBXShellScriptBuildPhase section */
		42AFF4EFE5A976084C776CB0 /* [CP] Check Pods Manifest.lock */ = {
			isa = PBXShellScriptBuildPhase;
			buildActionMask = 2147483647;
			files = (
			);
			inputPaths = (
				"${PODS_PODFILE_DIR_PATH}/Podfile.lock",
				"${PODS_ROOT}/Manifest.lock",
			);
			name = "[CP] Check Pods Manifest.lock";
			outputPaths = (
				"$(DERIVED_FILE_DIR)/Pods-RacTest-checkManifestLockResult.txt",
			);
			runOnlyForDeploymentPostprocessing = 0;
			shellPath = /bin/sh;
			shellScript = "diff \"${PODS_PODFILE_DIR_PATH}/Podfile.lock\" \"${PODS_ROOT}/Manifest.lock\" > /dev/null\nif [ $? != 0 ] ; then\n    # print error to STDERR\n    echo \"error: The sandbox is not in sync with the Podfile.lock. Run 'pod install' or update your CocoaPods installation.\" >&2\n    exit 1\nfi\n# This output is used by Xcode 'outputs' to avoid re-running this script phase.\necho \"SUCCESS\" > \"${SCRIPT_OUTPUT_FILE_0}\"\n";
			showEnvVarsInLog = 0;
		};
/* End PBXShellScriptBuildPhase section */

/* Begin PBXSourcesBuildPhase section */
		C6EAFAA921FC59EB00ECDF7B /* Sources */ = {
			isa = PBXSourcesBuildPhase;
			buildActionMask = 2147483647;
			files = (
				C6EAFAB521FC59EB00ECDF7B /* ViewController.m in Sources */,
				C6EAFAC021FC59ED00ECDF7B /* main.m in Sources */,
				C6EAFAB221FC59EB00ECDF7B /* AppDelegate.m in Sources */,
			);
			runOnlyForDeploymentPostprocessing = 0;
		};
/* End PBXSourcesBuildPhase section */

/* Begin PBXVariantGroup section */
		C6EAFAB621FC59EB00ECDF7B /* Main.storyboard */ = {
			isa = PBXVariantGroup;
			children = (
				C6EAFAB721FC59EB00ECDF7B /* Base */,
			);
			name = Main.storyboard;
			sourceTree = "<group>";
		};
		C6EAFABB21FC59ED00ECDF7B /* LaunchScreen.storyboard */ = {
			isa = PBXVariantGroup;
			children = (
				C6EAFABC21FC59ED00ECDF7B /* Base */,
			);
			name = LaunchScreen.storyboard;
			sourceTree = "<group>";
		};
/* End PBXVariantGroup section */

/* Begin XCBuildConfiguration section */
		C6EAFAC121FC59ED00ECDF7B /* Debug */ = {
			isa = XCBuildConfiguration;
			buildSettings = {
				ALWAYS_SEARCH_USER_PATHS = NO;
				CLANG_ANALYZER_NONNULL = YES;
				CLANG_ANALYZER_NUMBER_OBJECT_CONVERSION = YES_AGGRESSIVE;
				CLANG_CXX_LANGUAGE_STANDARD = "gnu++14";
				CLANG_CXX_LIBRARY = "libc++";
				CLANG_ENABLE_MODULES = YES;
				CLANG_ENABLE_OBJC_ARC = YES;
				CLANG_ENABLE_OBJC_WEAK = YES;
				CLANG_WARN_BLOCK_CAPTURE_AUTORELEASING = YES;
				CLANG_WARN_BOOL_CONVERSION = YES;
				CLANG_WARN_COMMA = YES;
				CLANG_WARN_CONSTANT_CONVERSION = YES;
				CLANG_WARN_DEPRECATED_OBJC_IMPLEMENTATIONS = YES;
				CLANG_WARN_DIRECT_OBJC_ISA_USAGE = YES_ERROR;
				CLANG_WARN_DOCUMENTATION_COMMENTS = YES;
				CLANG_WARN_EMPTY_BODY = YES;
				CLANG_WARN_ENUM_CONVERSION = YES;
				CLANG_WARN_INFINITE_RECURSION = YES;
				CLANG_WARN_INT_CONVERSION = YES;
				CLANG_WARN_NON_LITERAL_NULL_CONVERSION = YES;
				CLANG_WARN_OBJC_IMPLICIT_RETAIN_SELF = YES;
				CLANG_WARN_OBJC_LITERAL_CONVERSION = YES;
				CLANG_WARN_OBJC_ROOT_CLASS = YES_ERROR;
				CLANG_WARN_RANGE_LOOP_ANALYSIS = YES;
				CLANG_WARN_STRICT_PROTOTYPES = YES;
				CLANG_WARN_SUSPICIOUS_MOVE = YES;
				CLANG_WARN_UNGUARDED_AVAILABILITY = YES_AGGRESSIVE;
				CLANG_WARN_UNREACHABLE_CODE = YES;
				CLANG_WARN__DUPLICATE_METHOD_MATCH = YES;
				CODE_SIGN_IDENTITY = "iPhone Developer";
				COPY_PHASE_STRIP = NO;
				DEBUG_INFORMATION_FORMAT = dwarf;
				ENABLE_STRICT_OBJC_MSGSEND = YES;
				ENABLE_TESTABILITY = YES;
				GCC_C_LANGUAGE_STANDARD = gnu11;
				GCC_DYNAMIC_NO_PIC = NO;
				GCC_NO_COMMON_BLOCKS = YES;
				GCC_OPTIMIZATION_LEVEL = 0;
				GCC_PREPROCESSOR_DEFINITIONS = (
					"DEBUG=1",
					"$(inherited)",
				);
				GCC_WARN_64_TO_32_BIT_CONVERSION = YES;
				GCC_WARN_ABOUT_RETURN_TYPE = YES_ERROR;
				GCC_WARN_UNDECLARED_SELECTOR = YES;
				GCC_WARN_UNINITIALIZED_AUTOS = YES_AGGRESSIVE;
				GCC_WARN_UNUSED_FUNCTION = YES;
				GCC_WARN_UNUSED_VARIABLE = YES;
				IPHONEOS_DEPLOYMENT_TARGET = 12.1;
				MTL_ENABLE_DEBUG_INFO = INCLUDE_SOURCE;
				MTL_FAST_MATH = YES;
				ONLY_ACTIVE_ARCH = YES;
				SDKROOT = iphoneos;
			};
			name = Debug;
		};
		C6EAFAC221FC59ED00ECDF7B /* Release */ = {
			isa = XCBuildConfiguration;
			buildSettings = {
				ALWAYS_SEARCH_USER_PATHS = NO;
				CLANG_ANALYZER_NONNULL = YES;
				CLANG_ANALYZER_NUMBER_OBJECT_CONVERSION = YES_AGGRESSIVE;
				CLANG_CXX_LANGUAGE_STANDARD = "gnu++14";
				CLANG_CXX_LIBRARY = "libc++";
				CLANG_ENABLE_MODULES = YES;
				CLANG_ENABLE_OBJC_ARC = YES;
				CLANG_ENABLE_OBJC_WEAK = YES;
				CLANG_WARN_BLOCK_CAPTURE_AUTORELEASING = YES;
				CLANG_WARN_BOOL_CONVERSION = YES;
				CLANG_WARN_COMMA = YES;
				CLANG_WARN_CONSTANT_CONVERSION = YES;
				CLANG_WARN_DEPRECATED_OBJC_IMPLEMENTATIONS = YES;
				CLANG_WARN_DIRECT_OBJC_ISA_USAGE = YES_ERROR;
				CLANG_WARN_DOCUMENTATION_COMMENTS = YES;
				CLANG_WARN_EMPTY_BODY = YES;
				CLANG_WARN_ENUM_CONVERSION = YES;
				CLANG_WARN_INFINITE_RECURSION = YES;
				CLANG_WARN_INT_CONVERSION = YES;
				CLANG_WARN_NON_LITERAL_NULL_CONVERSION = YES;
				CLANG_WARN_OBJC_IMPLICIT_RETAIN_SELF = YES;
				CLANG_WARN_OBJC_LITERAL_CONVERSION = YES;
				CLANG_WARN_OBJC_ROOT_CLASS = YES_ERROR;
				CLANG_WARN_RANGE_LOOP_ANALYSIS = YES;
				CLANG_WARN_STRICT_PROTOTYPES = YES;
				CLANG_WARN_SUSPICIOUS_MOVE = YES;
				CLANG_WARN_UNGUARDED_AVAILABILITY = YES_AGGRESSIVE;
				CLANG_WARN_UNREACHABLE_CODE = YES;
				CLANG_WARN__DUPLICATE_METHOD_MATCH = YES;
				CODE_SIGN_IDENTITY = "iPhone Developer";
				COPY_PHASE_STRIP = NO;
				DEBUG_INFORMATION_FORMAT = "dwarf-with-dsym";
				ENABLE_NS_ASSERTIONS = NO;
				ENABLE_STRICT_OBJC_MSGSEND = YES;
				GCC_C_LANGUAGE_STANDARD = gnu11;
				GCC_NO_COMMON_BLOCKS = YES;
				GCC_WARN_64_TO_32_BIT_CONVERSION = YES;
				GCC_WARN_ABOUT_RETURN_TYPE = YES_ERROR;
				GCC_WARN_UNDECLARED_SELECTOR = YES;
				GCC_WARN_UNINITIALIZED_AUTOS = YES_AGGRESSIVE;
				GCC_WARN_UNUSED_FUNCTION = YES;
				GCC_WARN_UNUSED_VARIABLE = YES;
				IPHONEOS_DEPLOYMENT_TARGET = 12.1;
				MTL_ENABLE_DEBUG_INFO = NO;
				MTL_FAST_MATH = YES;
				SDKROOT = iphoneos;
				VALIDATE_PRODUCT = YES;
			};
			name = Release;
		};
		C6EAFAC421FC59ED00ECDF7B /* Debug */ = {
			isa = XCBuildConfiguration;
			baseConfigurationReference = D6ADBA8F61B815834912DFE9 /* Pods-RacTest.debug.xcconfig */;
			buildSettings = {
				ASSETCATALOG_COMPILER_APPICON_NAME = AppIcon;
				CODE_SIGN_STYLE = Automatic;
				INFOPLIST_FILE = RacTest/Info.plist;
				LD_RUNPATH_SEARCH_PATHS = "$(inherited) @executable_path/Frameworks";
				PRODUCT_BUNDLE_IDENTIFIER = demo.RacTest;
				PRODUCT_NAME = "$(TARGET_NAME)";
				TARGETED_DEVICE_FAMILY = "1,2";
			};
			name = Debug;
		};
		C6EAFAC521FC59ED00ECDF7B /* Release */ = {
			isa = XCBuildConfiguration;
			baseConfigurationReference = 3E49F8709787297C3B614FD0 /* Pods-RacTest.release.xcconfig */;
			buildSettings = {
				ASSETCATALOG_COMPILER_APPICON_NAME = AppIcon;
				CODE_SIGN_STYLE = Automatic;
				INFOPLIST_FILE = RacTest/Info.plist;
				LD_RUNPATH_SEARCH_PATHS = "$(inherited) @executable_path/Frameworks";
				PRODUCT_BUNDLE_IDENTIFIER = demo.RacTest;
				PRODUCT_NAME = "$(TARGET_NAME)";
				TARGETED_DEVICE_FAMILY = "1,2";
			};
			name = Release;
		};
/* End XCBuildConfiguration section */

/* Begin XCConfigurationList section */
		C6EAFAA821FC59EB00ECDF7B /* Build configuration list for PBXProject "RacTest" */ = {
			isa = XCConfigurationList;
			buildConfigurations = (
				C6EAFAC121FC59ED00ECDF7B /* Debug */,
				C6EAFAC221FC59ED00ECDF7B /* Release */,
			);
			defaultConfigurationIsVisible = 0;
			defaultConfigurationName = Release;
		};
		C6EAFAC321FC59ED00ECDF7B /* Build configuration list for PBXNativeTarget "RacTest" */ = {
			isa = XCConfigurationList;
			buildConfigurations = (
				C6EAFAC421FC59ED00ECDF7B /* Debug */,
				C6EAFAC521FC59ED00ECDF7B /* Release */,
			);
			defaultConfigurationIsVisible = 0;
			defaultConfigurationName = Release;
		};
/* End XCConfigurationList section */
	};
	rootObject = C6EAFAA521FC59EB00ECDF7B /* Project object */;
}
